// !$*UTF8*$!
{
	archiveVersion = 1;
	classes = {
	};
	objectVersion = 50;
	objects = {

/* Begin PBXBuildFile section */
		AED049632346054200DABD2A /* AppDelegate.m in Sources */ = {isa = PBXBuildFile; fileRef = AED049622346054200DABD2A /* AppDelegate.m */; };
		AED049662346054200DABD2A /* SceneDelegate.m in Sources */ = {isa = PBXBuildFile; fileRef = AED049652346054200DABD2A /* SceneDelegate.m */; };
		AED049692346054200DABD2A /* ViewController.m in Sources */ = {isa = PBXBuildFile; fileRef = AED049682346054200DABD2A /* ViewController.m */; };
		AED0496C2346054200DABD2A /* Main.storyboard in Resources */ = {isa = PBXBuildFile; fileRef = AED0496A2346054200DABD2A /* Main.storyboard */; };
		AED0496E2346054300DABD2A /* Assets.xcassets in Resources */ = {isa = PBXBuildFile; fileRef = AED0496D2346054300DABD2A /* Assets.xcassets */; };
		AED049712346054300DABD2A /* LaunchScreen.storyboard in Resources */ = {isa = PBXBuildFile; fileRef = AED0496F2346054300DABD2A /* LaunchScreen.storyboard */; };
		AED049742346054300DABD2A /* main.m in Sources */ = {isa = PBXBuildFile; fileRef = AED049732346054300DABD2A /* main.m */; };
		AED0497E2346054300DABD2A /* MyFirstAppTests.m in Sources */ = {isa = PBXBuildFile; fileRef = AED0497D2346054300DABD2A /* MyFirstAppTests.m */; };
		AED049892346054300DABD2A /* MyFirstAppUITests.m in Sources */ = {isa = PBXBuildFile; fileRef = AED049882346054300DABD2A /* MyFirstAppUITests.m */; };
/* End PBXBuildFile section */

/* Begin PBXContainerItemProxy section */
		AED0497A2346054300DABD2A /* PBXContainerItemProxy */ = {
			isa = PBXContainerItemProxy;
			containerPortal = AED049562346054200DABD2A /* Project object */;
			proxyType = 1;
			remoteGlobalIDString = AED0495D2346054200DABD2A;
			remoteInfo = MyFirstApp;
		};
		AED049852346054300DABD2A /* PBXContainerItemProxy */ = {
			isa = PBXContainerItemProxy;
			containerPortal = AED049562346054200DABD2A /* Project object */;
			proxyType = 1;
			remoteGlobalIDString = AED0495D2346054200DABD2A;
			remoteInfo = MyFirstApp;
		};
/* End PBXContainerItemProxy section */

/* Begin PBXFileReference section */
		AED0495E2346054200DABD2A /* MyFirstApp.app */ = {isa = PBXFileReference; explicitFileType = wrapper.application; includeInIndex = 0; path = MyFirstApp.app; sourceTree = BUILT_PRODUCTS_DIR; };
		AED049612346054200DABD2A /* AppDelegate.h */ = {isa = PBXFileReference; lastKnownFileType = sourcecode.c.h; path = AppDelegate.h; sourceTree = "<group>"; };
		AED049622346054200DABD2A /* AppDelegate.m */ = {isa = PBXFileReference; lastKnownFileType = sourcecode.c.objc; path = AppDelegate.m; sourceTree = "<group>"; };
		AED049642346054200DABD2A /* SceneDelegate.h */ = {isa = PBXFileReference; lastKnownFileType = sourcecode.c.h; path = SceneDelegate.h; sourceTree = "<group>"; };
		AED049652346054200DABD2A /* SceneDelegate.m */ = {isa = PBXFileReference; lastKnownFileType = sourcecode.c.objc; path = SceneDelegate.m; sourceTree = "<group>"; };
		AED049672346054200DABD2A /* ViewController.h */ = {isa = PBXFileReference; lastKnownFileType = sourcecode.c.h; path = ViewController.h; sourceTree = "<group>"; };
		AED049682346054200DABD2A /* ViewController.m */ = {isa = PBXFileReference; lastKnownFileType = sourcecode.c.objc; path = ViewController.m; sourceTree = "<group>"; };
		AED0496B2346054200DABD2A /* Base */ = {isa = PBXFileReference; lastKnownFileType = file.storyboard; name = Base; path = Base.lproj/Main.storyboard; sourceTree = "<group>"; };
		AED0496D2346054300DABD2A /* Assets.xcassets */ = {isa = PBXFileReference; lastKnownFileType = folder.assetcatalog; path = Assets.xcassets; sourceTree = "<group>"; };
		AED049702346054300DABD2A /* Base */ = {isa = PBXFileReference; lastKnownFileType = file.storyboard; name = Base; path = Base.lproj/LaunchScreen.storyboard; sourceTree = "<group>"; };
		AED049722346054300DABD2A /* Info.plist */ = {isa = PBXFileReference; lastKnownFileType = text.plist.xml; path = Info.plist; sourceTree = "<group>"; };
		AED049732346054300DABD2A /* main.m */ = {isa = PBXFileReference; lastKnownFileType = sourcecode.c.objc; path = main.m; sourceTree = "<group>"; };
		AED049792346054300DABD2A /* MyFirstAppTests.xctest */ = {isa = PBXFileReference; explicitFileType = wrapper.cfbundle; includeInIndex = 0; path = MyFirstAppTests.xctest; sourceTree = BUILT_PRODUCTS_DIR; };
		AED0497D2346054300DABD2A /* MyFirstAppTests.m */ = {isa = PBXFileReference; lastKnownFileType = sourcecode.c.objc; path = MyFirstAppTests.m; sourceTree = "<group>"; };
		AED0497F2346054300DABD2A /* Info.plist */ = {isa = PBXFileReference; lastKnownFileType = text.plist.xml; path = Info.plist; sourceTree = "<group>"; };
		AED049842346054300DABD2A /* MyFirstAppUITests.xctest */ = {isa = PBXFileReference; explicitFileType = wrapper.cfbundle; includeInIndex = 0; path = MyFirstAppUITests.xctest; sourceTree = BUILT_PRODUCTS_DIR; };
		AED049882346054300DABD2A /* MyFirstAppUITests.m */ = {isa = PBXFileReference; lastKnownFileType = sourcecode.c.objc; path = MyFirstAppUITests.m; sourceTree = "<group>"; };
		AED0498A2346054300DABD2A /* Info.plist */ = {isa = PBXFileReference; lastKnownFileType = text.plist.xml; path = Info.plist; sourceTree = "<group>"; };
/* End PBXFileReference section */

/* Begin PBXFrameworksBuildPhase section */
		AED0495B2346054200DABD2A /* Frameworks */ = {
			isa = PBXFrameworksBuildPhase;
			buildActionMask = 2147483647;
			files = (
			);
			runOnlyForDeploymentPostprocessing = 0;
		};
		AED049762346054300DABD2A /* Frameworks */ = {
			isa = PBXFrameworksBuildPhase;
			buildActionMask = 2147483647;
			files = (
			);
			runOnlyForDeploymentPostprocessing = 0;
		};
		AED049812346054300DABD2A /* Frameworks */ = {
			isa = PBXFrameworksBuildPhase;
			buildActionMask = 2147483647;
			files = (
			);
			runOnlyForDeploymentPostprocessing = 0;
		};
/* End PBXFrameworksBuildPhase section */

/* Begin PBXGroup section */
		AED049552346054200DABD2A = {
			isa = PBXGroup;
			children = (
				AED049602346054200DABD2A /* MyFirstApp */,
				AED0497C2346054300DABD2A /* MyFirstAppTests */,
				AED049872346054300DABD2A /* MyFirstAppUITests */,
				AED0495F2346054200DABD2A /* Products */,
			);
			sourceTree = "<group>";
		};
		AED0495F2346054200DABD2A /* Products */ = {
			isa = PBXGroup;
			children = (
				AED0495E2346054200DABD2A /* MyFirstApp.app */,
				AED049792346054300DABD2A /* MyFirstAppTests.xctest */,
				AED049842346054300DABD2A /* MyFirstAppUITests.xctest */,
			);
			name = Products;
			sourceTree = "<group>";
		};
		AED049602346054200DABD2A /* MyFirstApp */ = {
			isa = PBXGroup;
			children = (
				AED049612346054200DABD2A /* AppDelegate.h */,
				AED049622346054200DABD2A /* AppDelegate.m */,
				AED049642346054200DABD2A /* SceneDelegate.h */,
				AED049652346054200DABD2A /* SceneDelegate.m */,
				AED049672346054200DABD2A /* ViewController.h */,
				AED049682346054200DABD2A /* ViewController.m */,
				AED0496A2346054200DABD2A /* Main.storyboard */,
				AED0496D2346054300DABD2A /* Assets.xcassets */,
				AED0496F2346054300DABD2A /* LaunchScreen.storyboard */,
				AED049722346054300DABD2A /* Info.plist */,
				AED049732346054300DABD2A /* main.m */,
			);
			path = MyFirstApp;
			sourceTree = "<group>";
		};
		AED0497C2346054300DABD2A /* MyFirstAppTests */ = {
			isa = PBXGroup;
			children = (
				AED0497D2346054300DABD2A /* MyFirstAppTests.m */,
				AED0497F2346054300DABD2A /* Info.plist */,
			);
			path = MyFirstAppTests;
			sourceTree = "<group>";
		};
		AED049872346054300DABD2A /* MyFirstAppUITests */ = {
			isa = PBXGroup;
			children = (
				AED049882346054300DABD2A /* MyFirstAppUITests.m */,
				AED0498A2346054300DABD2A /* Info.plist */,
			);
			path = MyFirstAppUITests;
			sourceTree = "<group>";
		};
/* End PBXGroup section */

/* Begin PBXNativeTarget section */
		AED0495D2346054200DABD2A /* MyFirstApp */ = {
			isa = PBXNativeTarget;
			buildConfigurationList = AED0498D2346054300DABD2A /* Build configuration list for PBXNativeTarget "MyFirstApp" */;
			buildPhases = (
				AED0495A2346054200DABD2A /* Sources */,
				AED0495B2346054200DABD2A /* Frameworks */,
				AED0495C2346054200DABD2A /* Resources */,
			);
			buildRules = (
			);
			dependencies = (
			);
			name = MyFirstApp;
			productName = MyFirstApp;
			productReference = AED0495E2346054200DABD2A /* MyFirstApp.app */;
			productType = "com.apple.product-type.application";
		};
		AED049782346054300DABD2A /* MyFirstAppTests */ = {
			isa = PBXNativeTarget;
			buildConfigurationList = AED049902346054300DABD2A /* Build configuration list for PBXNativeTarget "MyFirstAppTests" */;
			buildPhases = (
				AED049752346054300DABD2A /* Sources */,
				AED049762346054300DABD2A /* Frameworks */,
				AED049772346054300DABD2A /* Resources */,
			);
			buildRules = (
			);
			dependencies = (
				AED0497B2346054300DABD2A /* PBXTargetDependency */,
			);
			name = MyFirstAppTests;
			productName = MyFirstAppTests;
			productReference = AED049792346054300DABD2A /* MyFirstAppTests.xctest */;
			productType = "com.apple.product-type.bundle.unit-test";
		};
		AED049832346054300DABD2A /* MyFirstAppUITests */ = {
			isa = PBXNativeTarget;
			buildConfigurationList = AED049932346054300DABD2A /* Build configuration list for PBXNativeTarget "MyFirstAppUITests" */;
			buildPhases = (
				AED049802346054300DABD2A /* Sources */,
				AED049812346054300DABD2A /* Frameworks */,
				AED049822346054300DABD2A /* Resources */,
			);
			buildRules = (
			);
			dependencies = (
				AED049862346054300DABD2A /* PBXTargetDependency */,
			);
			name = MyFirstAppUITests;
			productName = MyFirstAppUITests;
			productReference = AED049842346054300DABD2A /* MyFirstAppUITests.xctest */;
			productType = "com.apple.product-type.bundle.ui-testing";
		};
/* End PBXNativeTarget section */

/* Begin PBXProject section */
		AED049562346054200DABD2A /* Project object */ = {
			isa = PBXProject;
			attributes = {
				LastUpgradeCheck = 1100;
				ORGANIZATIONNAME = "David Auza";
				TargetAttributes = {
					AED0495D2346054200DABD2A = {
						CreatedOnToolsVersion = 11.0;
					};
					AED049782346054300DABD2A = {
						CreatedOnToolsVersion = 11.0;
						TestTargetID = AED0495D2346054200DABD2A;
					};
					AED049832346054300DABD2A = {
						CreatedOnToolsVersion = 11.0;
						TestTargetID = AED0495D2346054200DABD2A;
					};
				};
			};
			buildConfigurationList = AED049592346054200DABD2A /* Build configuration list for PBXProject "MyFirstApp" */;
			compatibilityVersion = "Xcode 9.3";
			developmentRegion = en;
			hasScannedForEncodings = 0;
			knownRegions = (
				en,
				Base,
			);
			mainGroup = AED049552346054200DABD2A;
			productRefGroup = AED0495F2346054200DABD2A /* Products */;
			projectDirPath = "";
			projectRoot = "";
			targets = (
				AED0495D2346054200DABD2A /* MyFirstApp */,
				AED049782346054300DABD2A /* MyFirstAppTests */,
				AED049832346054300DABD2A /* MyFirstAppUITests */,
			);
		};
/* End PBXProject section */

/* Begin PBXResourcesBuildPhase section */
		AED0495C2346054200DABD2A /* Resources */ = {
			isa = PBXResourcesBuildPhase;
			buildActionMask = 2147483647;
			files = (
				AED049712346054300DABD2A /* LaunchScreen.storyboard in Resources */,
				AED0496E2346054300DABD2A /* Assets.xcassets in Resources */,
				AED0496C2346054200DABD2A /* Main.storyboard in Resources */,
			);
			runOnlyForDeploymentPostprocessing = 0;
		};
		AED049772346054300DABD2A /* Resources */ = {
			isa = PBXResourcesBuildPhase;
			buildActionMask = 2147483647;
			files = (
			);
			runOnlyForDeploymentPostprocessing = 0;
		};
		AED049822346054300DABD2A /* Resources */ = {
			isa = PBXResourcesBuildPhase;
			buildActionMask = 2147483647;
			files = (
			);
			runOnlyForDeploymentPostprocessing = 0;
		};
/* End PBXResourcesBuildPhase section */

/* Begin PBXSourcesBuildPhase section */
		AED0495A2346054200DABD2A /* Sources */ = {
			isa = PBXSourcesBuildPhase;
			buildActionMask = 2147483647;
			files = (
				AED049692346054200DABD2A /* ViewController.m in Sources */,
				AED049632346054200DABD2A /* AppDelegate.m in Sources */,
				AED049742346054300DABD2A /* main.m in Sources */,
				AED049662346054200DABD2A /* SceneDelegate.m in Sources */,
			);
			runOnlyForDeploymentPostprocessing = 0;
		};
		AED049752346054300DABD2A /* Sources */ = {
			isa = PBXSourcesBuildPhase;
			buildActionMask = 2147483647;
			files = (
				AED0497E2346054300DABD2A /* MyFirstAppTests.m in Sources */,
			);
			runOnlyForDeploymentPostprocessing = 0;
		};
		AED049802346054300DABD2A /* Sources */ = {
			isa = PBXSourcesBuildPhase;
			buildActionMask = 2147483647;
			files = (
				AED049892346054300DABD2A /* MyFirstAppUITests.m in Sources */,
			);
			runOnlyForDeploymentPostprocessing = 0;
		};
/* End PBXSourcesBuildPhase section */

/* Begin PBXTargetDependency section */
		AED0497B2346054300DABD2A /* PBXTargetDependency */ = {
			isa = PBXTargetDependency;
			target = AED0495D2346054200DABD2A /* MyFirstApp */;
			targetProxy = AED0497A2346054300DABD2A /* PBXContainerItemProxy */;
		};
		AED049862346054300DABD2A /* PBXTargetDependency */ = {
			isa = PBXTargetDependency;
			target = AED0495D2346054200DABD2A /* MyFirstApp */;
			targetProxy = AED049852346054300DABD2A /* PBXContainerItemProxy */;
		};
/* End PBXTargetDependency section */

/* Begin PBXVariantGroup section */
		AED0496A2346054200DABD2A /* Main.storyboard */ = {
			isa = PBXVariantGroup;
			children = (
				AED0496B2346054200DABD2A /* Base */,
			);
			name = Main.storyboard;
			sourceTree = "<group>";
		};
		AED0496F2346054300DABD2A /* LaunchScreen.storyboard */ = {
			isa = PBXVariantGroup;
			children = (
				AED049702346054300DABD2A /* Base */,
			);
			name = LaunchScreen.storyboard;
			sourceTree = "<group>";
		};
/* End PBXVariantGroup section */

/* Begin XCBuildConfiguration section */
		AED0498B2346054300DABD2A /* Debug */ = {
			isa = XCBuildConfiguration;
			buildSettings = {
				ALWAYS_SEARCH_USER_PATHS = NO;
				CLANG_ANALYZER_NONNULL = YES;
				CLANG_ANALYZER_NUMBER_OBJECT_CONVERSION = YES_AGGRESSIVE;
				CLANG_CXX_LANGUAGE_STANDARD = "gnu++14";
				CLANG_CXX_LIBRARY = "libc++";
				CLANG_ENABLE_MODULES = YES;
				CLANG_ENABLE_OBJC_ARC = YES;
				CLANG_ENABLE_OBJC_WEAK = YES;
				CLANG_WARN_BLOCK_CAPTURE_AUTORELEASING = YES;
				CLANG_WARN_BOOL_CONVERSION = YES;
				CLANG_WARN_COMMA = YES;
				CLANG_WARN_CONSTANT_CONVERSION = YES;
				CLANG_WARN_DEPRECATED_OBJC_IMPLEMENTATIONS = YES;
				CLANG_WARN_DIRECT_OBJC_ISA_USAGE = YES_ERROR;
				CLANG_WARN_DOCUMENTATION_COMMENTS = YES;
				CLANG_WARN_EMPTY_BODY = YES;
				CLANG_WARN_ENUM_CONVERSION = YES;
				CLANG_WARN_INFINITE_RECURSION = YES;
				CLANG_WARN_INT_CONVERSION = YES;
				CLANG_WARN_NON_LITERAL_NULL_CONVERSION = YES;
				CLANG_WARN_OBJC_IMPLICIT_RETAIN_SELF = YES;
				CLANG_WARN_OBJC_LITERAL_CONVERSION = YES;
				CLANG_WARN_OBJC_ROOT_CLASS = YES_ERROR;
				CLANG_WARN_RANGE_LOOP_ANALYSIS = YES;
				CLANG_WARN_STRICT_PROTOTYPES = YES;
				CLANG_WARN_SUSPICIOUS_MOVE = YES;
				CLANG_WARN_UNGUARDED_AVAILABILITY = YES_AGGRESSIVE;
				CLANG_WARN_UNREACHABLE_CODE = YES;
				CLANG_WARN__DUPLICATE_METHOD_MATCH = YES;
				COPY_PHASE_STRIP = NO;
				DEBUG_INFORMATION_FORMAT = dwarf;
				ENABLE_STRICT_OBJC_MSGSEND = YES;
				ENABLE_TESTABILITY = YES;
				GCC_C_LANGUAGE_STANDARD = gnu11;
				GCC_DYNAMIC_NO_PIC = NO;
				GCC_NO_COMMON_BLOCKS = YES;
				GCC_OPTIMIZATION_LEVEL = 0;
				GCC_PREPROCESSOR_DEFINITIONS = (
					"DEBUG=1",
					"$(inherited)",
				);
				GCC_WARN_64_TO_32_BIT_CONVERSION = YES;
				GCC_WARN_ABOUT_RETURN_TYPE = YES_ERROR;
				GCC_WARN_UNDECLARED_SELECTOR = YES;
				GCC_WARN_UNINITIALIZED_AUTOS = YES_AGGRESSIVE;
				GCC_WARN_UNUSED_FUNCTION = YES;
				GCC_WARN_UNUSED_VARIABLE = YES;
				IPHONEOS_DEPLOYMENT_TARGET = 13.0;
				MTL_ENABLE_DEBUG_INFO = INCLUDE_SOURCE;
				MTL_FAST_MATH = YES;
				ONLY_ACTIVE_ARCH = YES;
				SDKROOT = iphoneos;
			};
			name = Debug;
		};
		AED0498C2346054300DABD2A /* Release */ = {
			isa = XCBuildConfiguration;
			buildSettings = {
				ALWAYS_SEARCH_USER_PATHS = NO;
				CLANG_ANALYZER_NONNULL = YES;
				CLANG_ANALYZER_NUMBER_OBJECT_CONVERSION = YES_AGGRESSIVE;
				CLANG_CXX_LANGUAGE_STANDARD = "gnu++14";
				CLANG_CXX_LIBRARY = "libc++";
				CLANG_ENABLE_MODULES = YES;
				CLANG_ENABLE_OBJC_ARC = YES;
				CLANG_ENABLE_OBJC_WEAK = YES;
				CLANG_WARN_BLOCK_CAPTURE_AUTORELEASING = YES;
				CLANG_WARN_BOOL_CONVERSION = YES;
				CLANG_WARN_COMMA = YES;
				CLANG_WARN_CONSTANT_CONVERSION = YES;
				CLANG_WARN_DEPRECATED_OBJC_IMPLEMENTATIONS = YES;
				CLANG_WARN_DIRECT_OBJC_ISA_USAGE = YES_ERROR;
				CLANG_WARN_DOCUMENTATION_COMMENTS = YES;
				CLANG_WARN_EMPTY_BODY = YES;
				CLANG_WARN_ENUM_CONVERSION = YES;
				CLANG_WARN_INFINITE_RECURSION = YES;
				CLANG_WARN_INT_CONVERSION = YES;
				CLANG_WARN_NON_LITERAL_NULL_CONVERSION = YES;
				CLANG_WARN_OBJC_IMPLICIT_RETAIN_SELF = YES;
				CLANG_WARN_OBJC_LITERAL_CONVERSION = YES;
				CLANG_WARN_OBJC_ROOT_CLASS = YES_ERROR;
				CLANG_WARN_RANGE_LOOP_ANALYSIS = YES;
				CLANG_WARN_STRICT_PROTOTYPES = YES;
				CLANG_WARN_SUSPICIOUS_MOVE = YES;
				CLANG_WARN_UNGUARDED_AVAILABILITY = YES_AGGRESSIVE;
				CLANG_WARN_UNREACHABLE_CODE = YES;
				CLANG_WARN__DUPLICATE_METHOD_MATCH = YES;
				COPY_PHASE_STRIP = NO;
				DEBUG_INFORMATION_FORMAT = "dwarf-with-dsym";
				ENABLE_NS_ASSERTIONS = NO;
				ENABLE_STRICT_OBJC_MSGSEND = YES;
				GCC_C_LANGUAGE_STANDARD = gnu11;
				GCC_NO_COMMON_BLOCKS = YES;
				GCC_WARN_64_TO_32_BIT_CONVERSION = YES;
				GCC_WARN_ABOUT_RETURN_TYPE = YES_ERROR;
				GCC_WARN_UNDECLARED_SELECTOR = YES;
				GCC_WARN_UNINITIALIZED_AUTOS = YES_AGGRESSIVE;
				GCC_WARN_UNUSED_FUNCTION = YES;
				GCC_WARN_UNUSED_VARIABLE = YES;
				IPHONEOS_DEPLOYMENT_TARGET = 13.0;
				MTL_ENABLE_DEBUG_INFO = NO;
				MTL_FAST_MATH = YES;
				SDKROOT = iphoneos;
				VALIDATE_PRODUCT = YES;
			};
			name = Release;
		};
		AED0498E2346054300DABD2A /* Debug */ = {
			isa = XCBuildConfiguration;
			buildSettings = {
				ASSETCATALOG_COMPILER_APPICON_NAME = AppIcon;
				CODE_SIGN_STYLE = Automatic;
				DEVELOPMENT_TEAM = MM765283G2;
				INFOPLIST_FILE = MyFirstApp/Info.plist;
				LD_RUNPATH_SEARCH_PATHS = (
					"$(inherited)",
					"@executable_path/Frameworks",
				);
				PRODUCT_BUNDLE_IDENTIFIER = engineer.davidauza.MyFirstApp;
				PRODUCT_NAME = "$(TARGET_NAME)";
				TARGETED_DEVICE_FAMILY = "1,2";
			};
			name = Debug;
		};
		AED0498F2346054300DABD2A /* Release */ = {
			isa = XCBuildConfiguration;
			buildSettings = {
				ASSETCATALOG_COMPILER_APPICON_NAME = AppIcon;
				CODE_SIGN_STYLE = Automatic;
				DEVELOPMENT_TEAM = MM765283G2;
				INFOPLIST_FILE = MyFirstApp/Info.plist;
				LD_RUNPATH_SEARCH_PATHS = (
					"$(inherited)",
					"@executable_path/Frameworks",
				);
				PRODUCT_BUNDLE_IDENTIFIER = engineer.davidauza.MyFirstApp;
				PRODUCT_NAME = "$(TARGET_NAME)";
				TARGETED_DEVICE_FAMILY = "1,2";
			};
			name = Release;
		};
		AED049912346054300DABD2A /* Debug */ = {
			isa = XCBuildConfiguration;
			buildSettings = {
				BUNDLE_LOADER = "$(TEST_HOST)";
				CODE_SIGN_STYLE = Automatic;
				DEVELOPMENT_TEAM = MM765283G2;
				INFOPLIST_FILE = MyFirstAppTests/Info.plist;
				IPHONEOS_DEPLOYMENT_TARGET = 13.0;
				LD_RUNPATH_SEARCH_PATHS = (
					"$(inherited)",
					"@executable_path/Frameworks",
					"@loader_path/Frameworks",
				);
				PRODUCT_BUNDLE_IDENTIFIER = engineer.davidauza.MyFirstAppTests;
				PRODUCT_NAME = "$(TARGET_NAME)";
				TARGETED_DEVICE_FAMILY = "1,2";
				TEST_HOST = "$(BUILT_PRODUCTS_DIR)/MyFirstApp.app/MyFirstApp";
			};
			name = Debug;
		};
		AED049922346054300DABD2A /* Release */ = {
			isa = XCBuildConfiguration;
			buildSettings = {
				BUNDLE_LOADER = "$(TEST_HOST)";
				CODE_SIGN_STYLE = Automatic;
				DEVELOPMENT_TEAM = MM765283G2;
				INFOPLIST_FILE = MyFirstAppTests/Info.plist;
				IPHONEOS_DEPLOYMENT_TARGET = 13.0;
				LD_RUNPATH_SEARCH_PATHS = (
					"$(inherited)",
					"@executable_path/Frameworks",
					"@loader_path/Frameworks",
				);
				PRODUCT_BUNDLE_IDENTIFIER = engineer.davidauza.MyFirstAppTests;
				PRODUCT_NAME = "$(TARGET_NAME)";
				TARGETED_DEVICE_FAMILY = "1,2";
				TEST_HOST = "$(BUILT_PRODUCTS_DIR)/MyFirstApp.app/MyFirstApp";
			};
			name = Release;
		};
		AED049942346054300DABD2A /* Debug */ = {
			isa = XCBuildConfiguration;
			buildSettings = {
				CODE_SIGN_STYLE = Automatic;
				DEVELOPMENT_TEAM = MM765283G2;
				INFOPLIST_FILE = MyFirstAppUITests/Info.plist;
				LD_RUNPATH_SEARCH_PATHS = (
					"$(inherited)",
					"@executable_path/Frameworks",
					"@loader_path/Frameworks",
				);
				PRODUCT_BUNDLE_IDENTIFIER = engineer.davidauza.MyFirstAppUITests;
				PRODUCT_NAME = "$(TARGET_NAME)";
				TARGETED_DEVICE_FAMILY = "1,2";
				TEST_TARGET_NAME = MyFirstApp;
			};
			name = Debug;
		};
		AED049952346054300DABD2A /* Release */ = {
			isa = XCBuildConfiguration;
			buildSettings = {
				CODE_SIGN_STYLE = Automatic;
				DEVELOPMENT_TEAM = MM765283G2;
				INFOPLIST_FILE = MyFirstAppUITests/Info.plist;
				LD_RUNPATH_SEARCH_PATHS = (
					"$(inherited)",
					"@executable_path/Frameworks",
					"@loader_path/Frameworks",
				);
				PRODUCT_BUNDLE_IDENTIFIER = engineer.davidauza.MyFirstAppUITests;
				PRODUCT_NAME = "$(TARGET_NAME)";
				TARGETED_DEVICE_FAMILY = "1,2";
				TEST_TARGET_NAME = MyFirstApp;
			};
			name = Release;
		};
/* End XCBuildConfiguration section */

/* Begin XCConfigurationList section */
		AED049592346054200DABD2A /* Build configuration list for PBXProject "MyFirstApp" */ = {
			isa = XCConfigurationList;
			buildConfigurations = (
				AED0498B2346054300DABD2A /* Debug */,
				AED0498C2346054300DABD2A /* Release */,
			);
			defaultConfigurationIsVisible = 0;
			defaultConfigurationName = Release;
		};
		AED0498D2346054300DABD2A /* Build configuration list for PBXNativeTarget "MyFirstApp" */ = {
			isa = XCConfigurationList;
			buildConfigurations = (
				AED0498E2346054300DABD2A /* Debug */,
				AED0498F2346054300DABD2A /* Release */,
			);
			defaultConfigurationIsVisible = 0;
			defaultConfigurationName = Release;
		};
		AED049902346054300DABD2A /* Build configuration list for PBXNativeTarget "MyFirstAppTests" */ = {
			isa = XCConfigurationList;
			buildConfigurations = (
				AED049912346054300DABD2A /* Debug */,
				AED049922346054300DABD2A /* Release */,
			);
			defaultConfigurationIsVisible = 0;
			defaultConfigurationName = Release;
		};
		AED049932346054300DABD2A /* Build configuration list for PBXNativeTarget "MyFirstAppUITests" */ = {
			isa = XCConfigurationList;
			buildConfigurations = (
				AED049942346054300DABD2A /* Debug */,
				AED049952346054300DABD2A /* Release */,
			);
			defaultConfigurationIsVisible = 0;
			defaultConfigurationName = Release;
		};
/* End XCConfigurationList section */
	};
	rootObject = AED049562346054200DABD2A /* Project object */;
}
